// !$*UTF8*$!
{
	archiveVersion = 1;
	classes = {
	};
	objectVersion = 55;
	objects = {

/* Begin PBXBuildFile section */
		42D7316F27A83E0A002FDF95 /* AppDelegate.swift in Sources */ = {isa = PBXBuildFile; fileRef = 42D7316E27A83E0A002FDF95 /* AppDelegate.swift */; };
		42D7317127A83E0A002FDF95 /* SceneDelegate.swift in Sources */ = {isa = PBXBuildFile; fileRef = 42D7317027A83E0A002FDF95 /* SceneDelegate.swift */; };
		42D7317327A83E0A002FDF95 /* ProductDetailViewController.swift in Sources */ = {isa = PBXBuildFile; fileRef = 42D7317227A83E0A002FDF95 /* ProductDetailViewController.swift */; };
		42D7317827A83E11002FDF95 /* Assets.xcassets in Resources */ = {isa = PBXBuildFile; fileRef = 42D7317727A83E11002FDF95 /* Assets.xcassets */; };
		42D7317B27A83E11002FDF95 /* LaunchScreen.storyboard in Resources */ = {isa = PBXBuildFile; fileRef = 42D7317927A83E11002FDF95 /* LaunchScreen.storyboard */; };
		8A423B3127BC189600A47C4F /* Protocol.swift in Sources */ = {isa = PBXBuildFile; fileRef = 8A423B2A27BC17D100A47C4F /* Protocol.swift */; };
		8A423B3227BC189900A47C4F /* ColorView.swift in Sources */ = {isa = PBXBuildFile; fileRef = 8A423B2B27BC17D100A47C4F /* ColorView.swift */; };
		8A423B3327BC189B00A47C4F /* ColorsView.swift in Sources */ = {isa = PBXBuildFile; fileRef = 8A423B2F27BC17D100A47C4F /* ColorsView.swift */; };
		8A423B3427BC189E00A47C4F /* SizeView.swift in Sources */ = {isa = PBXBuildFile; fileRef = 8A423B2C27BC17D100A47C4F /* SizeView.swift */; };
		8A423B3527BC18A000A47C4F /* SizesView.swift in Sources */ = {isa = PBXBuildFile; fileRef = 8A423B2E27BC17D100A47C4F /* SizesView.swift */; };
		8A744D7127DCD62100A3F0CB /* ListingCollectionViewCell.swift in Sources */ = {isa = PBXBuildFile; fileRef = 8A744D7027DCD62100A3F0CB /* ListingCollectionViewCell.swift */; };
		8A84D0A827DA6C0400E9E71F /* UIView+AutoLayout.swift in Sources */ = {isa = PBXBuildFile; fileRef = 8A84D0A727DA6C0400E9E71F /* UIView+AutoLayout.swift */; };
		8A8C53F427DA873400692177 /* ListingModel.swift in Sources */ = {isa = PBXBuildFile; fileRef = 8A8C53F327DA873400692177 /* ListingModel.swift */; };
		8A8C53F627DACBB500692177 /* ListingViewModel.swift in Sources */ = {isa = PBXBuildFile; fileRef = 8A8C53F527DACBB500692177 /* ListingViewModel.swift */; };
		8A8C53FA27DACEB100692177 /* ListingService.swift in Sources */ = {isa = PBXBuildFile; fileRef = 8A8C53F927DACEB100692177 /* ListingService.swift */; };
		8AF520AA27EDF87D009A88DF /* HeaderListingCollectionViewCell.swift in Sources */ = {isa = PBXBuildFile; fileRef = 8AF520A927EDF87D009A88DF /* HeaderListingCollectionViewCell.swift */; };
		8AFEFF2C27E2026900722826 /* ListingProductViewController.swift in Sources */ = {isa = PBXBuildFile; fileRef = 8AFEFF2B27E2026900722826 /* ListingProductViewController.swift */; };
		A99F3AB627BC25FA00614C8B /* ProductModel.swift in Sources */ = {isa = PBXBuildFile; fileRef = A99F3AB527BC25FA00614C8B /* ProductModel.swift */; };
		A99F3AB827BC269C00614C8B /* ProductDetailViewModel.swift in Sources */ = {isa = PBXBuildFile; fileRef = A99F3AB727BC269C00614C8B /* ProductDetailViewModel.swift */; };
		A99F3ABA27BC27FA00614C8B /* ProductDetailService.swift in Sources */ = {isa = PBXBuildFile; fileRef = A99F3AB927BC27FA00614C8B /* ProductDetailService.swift */; };
/* End PBXBuildFile section */

/* Begin PBXFileReference section */
		42D7316B27A83E0A002FDF95 /* ProductStore.app */ = {isa = PBXFileReference; explicitFileType = wrapper.application; includeInIndex = 0; path = ProductStore.app; sourceTree = BUILT_PRODUCTS_DIR; };
		42D7316E27A83E0A002FDF95 /* AppDelegate.swift */ = {isa = PBXFileReference; lastKnownFileType = sourcecode.swift; path = AppDelegate.swift; sourceTree = "<group>"; };
		42D7317027A83E0A002FDF95 /* SceneDelegate.swift */ = {isa = PBXFileReference; lastKnownFileType = sourcecode.swift; path = SceneDelegate.swift; sourceTree = "<group>"; };
		42D7317227A83E0A002FDF95 /* ProductDetailViewController.swift */ = {isa = PBXFileReference; lastKnownFileType = sourcecode.swift; path = ProductDetailViewController.swift; sourceTree = "<group>"; };
		42D7317727A83E11002FDF95 /* Assets.xcassets */ = {isa = PBXFileReference; lastKnownFileType = folder.assetcatalog; path = Assets.xcassets; sourceTree = "<group>"; };
		42D7317A27A83E11002FDF95 /* Base */ = {isa = PBXFileReference; lastKnownFileType = file.storyboard; name = Base; path = Base.lproj/LaunchScreen.storyboard; sourceTree = "<group>"; };
		42D7317C27A83E11002FDF95 /* Info.plist */ = {isa = PBXFileReference; lastKnownFileType = text.plist.xml; path = Info.plist; sourceTree = "<group>"; };
		8A423B2A27BC17D100A47C4F /* Protocol.swift */ = {isa = PBXFileReference; lastKnownFileType = sourcecode.swift; path = Protocol.swift; sourceTree = "<group>"; };
		8A423B2B27BC17D100A47C4F /* ColorView.swift */ = {isa = PBXFileReference; lastKnownFileType = sourcecode.swift; path = ColorView.swift; sourceTree = "<group>"; };
		8A423B2C27BC17D100A47C4F /* SizeView.swift */ = {isa = PBXFileReference; lastKnownFileType = sourcecode.swift; path = SizeView.swift; sourceTree = "<group>"; };
		8A423B2E27BC17D100A47C4F /* SizesView.swift */ = {isa = PBXFileReference; lastKnownFileType = sourcecode.swift; path = SizesView.swift; sourceTree = "<group>"; };
		8A423B2F27BC17D100A47C4F /* ColorsView.swift */ = {isa = PBXFileReference; lastKnownFileType = sourcecode.swift; path = ColorsView.swift; sourceTree = "<group>"; };
		8A744D7027DCD62100A3F0CB /* ListingCollectionViewCell.swift */ = {isa = PBXFileReference; lastKnownFileType = sourcecode.swift; path = ListingCollectionViewCell.swift; sourceTree = "<group>"; };
		8A84D0A727DA6C0400E9E71F /* UIView+AutoLayout.swift */ = {isa = PBXFileReference; lastKnownFileType = sourcecode.swift; path = "UIView+AutoLayout.swift"; sourceTree = "<group>"; };
		8A8C53F327DA873400692177 /* ListingModel.swift */ = {isa = PBXFileReference; lastKnownFileType = sourcecode.swift; path = ListingModel.swift; sourceTree = "<group>"; };
		8A8C53F527DACBB500692177 /* ListingViewModel.swift */ = {isa = PBXFileReference; lastKnownFileType = sourcecode.swift; path = ListingViewModel.swift; sourceTree = "<group>"; };
		8A8C53F927DACEB100692177 /* ListingService.swift */ = {isa = PBXFileReference; lastKnownFileType = sourcecode.swift; path = ListingService.swift; sourceTree = "<group>"; };
		8AF520A927EDF87D009A88DF /* HeaderListingCollectionViewCell.swift */ = {isa = PBXFileReference; lastKnownFileType = sourcecode.swift; path = HeaderListingCollectionViewCell.swift; sourceTree = "<group>"; };
		8AFEFF2B27E2026900722826 /* ListingProductViewController.swift */ = {isa = PBXFileReference; lastKnownFileType = sourcecode.swift; path = ListingProductViewController.swift; sourceTree = "<group>"; };
		A99F3AB527BC25FA00614C8B /* ProductModel.swift */ = {isa = PBXFileReference; lastKnownFileType = sourcecode.swift; path = ProductModel.swift; sourceTree = "<group>"; };
		A99F3AB727BC269C00614C8B /* ProductDetailViewModel.swift */ = {isa = PBXFileReference; lastKnownFileType = sourcecode.swift; path = ProductDetailViewModel.swift; sourceTree = "<group>"; };
		A99F3AB927BC27FA00614C8B /* ProductDetailService.swift */ = {isa = PBXFileReference; lastKnownFileType = sourcecode.swift; path = ProductDetailService.swift; sourceTree = "<group>"; };
/* End PBXFileReference section */

/* Begin PBXFrameworksBuildPhase section */
		42D7316827A83E0A002FDF95 /* Frameworks */ = {
			isa = PBXFrameworksBuildPhase;
			buildActionMask = 2147483647;
			files = (
			);
			runOnlyForDeploymentPostprocessing = 0;
		};
/* End PBXFrameworksBuildPhase section */

/* Begin PBXGroup section */
		42D7316227A83E0A002FDF95 = {
			isa = PBXGroup;
			children = (
				42D7316D27A83E0A002FDF95 /* ProductStore */,
				42D7316C27A83E0A002FDF95 /* Products */,
			);
			sourceTree = "<group>";
		};
		42D7316C27A83E0A002FDF95 /* Products */ = {
			isa = PBXGroup;
			children = (
				42D7316B27A83E0A002FDF95 /* ProductStore.app */,
			);
			name = Products;
			sourceTree = "<group>";
		};
		42D7316D27A83E0A002FDF95 /* ProductStore */ = {
			isa = PBXGroup;
			children = (
				8A84D0A627DA6BD700E9E71F /* Extesions */,
				A99F3AB027BC25B100614C8B /* Scenes */,
				8A423B2927BC17D100A47C4F /* Products */,
				42D7316E27A83E0A002FDF95 /* AppDelegate.swift */,
				42D7317027A83E0A002FDF95 /* SceneDelegate.swift */,
				42D7317927A83E11002FDF95 /* LaunchScreen.storyboard */,
				42D7317727A83E11002FDF95 /* Assets.xcassets */,
				42D7317C27A83E11002FDF95 /* Info.plist */,
			);
			path = ProductStore;
			sourceTree = "<group>";
		};
		8A423B2927BC17D100A47C4F /* Products */ = {
			isa = PBXGroup;
			children = (
				8A423B2A27BC17D100A47C4F /* Protocol.swift */,
				8A423B2B27BC17D100A47C4F /* ColorView.swift */,
				8A423B2F27BC17D100A47C4F /* ColorsView.swift */,
				8A423B2C27BC17D100A47C4F /* SizeView.swift */,
				8A423B2E27BC17D100A47C4F /* SizesView.swift */,
			);
			path = Products;
			sourceTree = "<group>";
		};
		8A84D0A627DA6BD700E9E71F /* Extesions */ = {
			isa = PBXGroup;
			children = (
				8A84D0A727DA6C0400E9E71F /* UIView+AutoLayout.swift */,
			);
			path = Extesions;
			sourceTree = "<group>";
		};
		8AF979AF27EF98180066C4A2 /* ListingProduct */ = {
			isa = PBXGroup;
			children = (
				8AF979B027EF984E0066C4A2 /* Model */,
				8AF979B127EF98560066C4A2 /* ViewModel */,
				8AF979B227EF986C0066C4A2 /* Views */,
			);
			path = ListingProduct;
			sourceTree = "<group>";
		};
		8AF979B027EF984E0066C4A2 /* Model */ = {
			isa = PBXGroup;
			children = (
				8A8C53F327DA873400692177 /* ListingModel.swift */,
				8A8C53F927DACEB100692177 /* ListingService.swift */,
			);
			path = Model;
			sourceTree = "<group>";
		};
		8AF979B127EF98560066C4A2 /* ViewModel */ = {
			isa = PBXGroup;
			children = (
				8A8C53F527DACBB500692177 /* ListingViewModel.swift */,
			);
			path = ViewModel;
			sourceTree = "<group>";
		};
		8AF979B227EF986C0066C4A2 /* Views */ = {
			isa = PBXGroup;
			children = (
				8AFEFF2B27E2026900722826 /* ListingProductViewController.swift */,
				8AF520A927EDF87D009A88DF /* HeaderListingCollectionViewCell.swift */,
				8A744D7027DCD62100A3F0CB /* ListingCollectionViewCell.swift */,
			);
			path = Views;
			sourceTree = "<group>";
		};
		A99F3AB027BC25B100614C8B /* Scenes */ = {
			isa = PBXGroup;
			children = (
				8AF979AF27EF98180066C4A2 /* ListingProduct */,
				A99F3AB127BC25BD00614C8B /* ProductDetail */,
			);
			path = Scenes;
			sourceTree = "<group>";
		};
		A99F3AB127BC25BD00614C8B /* ProductDetail */ = {
			isa = PBXGroup;
			children = (
				A99F3AB427BC25D500614C8B /* Model */,
				A99F3AB327BC25CF00614C8B /* ViewModel */,
				A99F3AB227BC25CA00614C8B /* Views */,
			);
			path = ProductDetail;
			sourceTree = "<group>";
		};
		A99F3AB227BC25CA00614C8B /* Views */ = {
			isa = PBXGroup;
			children = (
				42D7317227A83E0A002FDF95 /* ProductDetailViewController.swift */,
			);
			path = Views;
			sourceTree = "<group>";
		};
		A99F3AB327BC25CF00614C8B /* ViewModel */ = {
			isa = PBXGroup;
			children = (
				A99F3AB727BC269C00614C8B /* ProductDetailViewModel.swift */,
			);
			path = ViewModel;
			sourceTree = "<group>";
		};
		A99F3AB427BC25D500614C8B /* Model */ = {
			isa = PBXGroup;
			children = (
				A99F3AB527BC25FA00614C8B /* ProductModel.swift */,
				A99F3AB927BC27FA00614C8B /* ProductDetailService.swift */,
			);
			path = Model;
			sourceTree = "<group>";
		};
/* End PBXGroup section */

/* Begin PBXNativeTarget section */
		42D7316A27A83E0A002FDF95 /* ProductStore */ = {
			isa = PBXNativeTarget;
			buildConfigurationList = 42D7317F27A83E11002FDF95 /* Build configuration list for PBXNativeTarget "ProductStore" */;
			buildPhases = (
				42D7316727A83E0A002FDF95 /* Sources */,
				42D7316827A83E0A002FDF95 /* Frameworks */,
				42D7316927A83E0A002FDF95 /* Resources */,
			);
			buildRules = (
			);
			dependencies = (
			);
			name = ProductStore;
			productName = ProductStore;
			productReference = 42D7316B27A83E0A002FDF95 /* ProductStore.app */;
			productType = "com.apple.product-type.application";
		};
/* End PBXNativeTarget section */

/* Begin PBXProject section */
		42D7316327A83E0A002FDF95 /* Project object */ = {
			isa = PBXProject;
			attributes = {
				BuildIndependentTargetsInParallel = 1;
				LastSwiftUpdateCheck = 1320;
				LastUpgradeCheck = 1320;
				TargetAttributes = {
					42D7316A27A83E0A002FDF95 = {
						CreatedOnToolsVersion = 13.2.1;
					};
				};
			};
			buildConfigurationList = 42D7316627A83E0A002FDF95 /* Build configuration list for PBXProject "ProductStore" */;
			compatibilityVersion = "Xcode 13.0";
			developmentRegion = en;
			hasScannedForEncodings = 0;
			knownRegions = (
				en,
				Base,
			);
			mainGroup = 42D7316227A83E0A002FDF95;
			productRefGroup = 42D7316C27A83E0A002FDF95 /* Products */;
			projectDirPath = "";
			projectRoot = "";
			targets = (
				42D7316A27A83E0A002FDF95 /* ProductStore */,
			);
		};
/* End PBXProject section */

/* Begin PBXResourcesBuildPhase section */
		42D7316927A83E0A002FDF95 /* Resources */ = {
			isa = PBXResourcesBuildPhase;
			buildActionMask = 2147483647;
			files = (
				42D7317B27A83E11002FDF95 /* LaunchScreen.storyboard in Resources */,
				42D7317827A83E11002FDF95 /* Assets.xcassets in Resources */,
			);
			runOnlyForDeploymentPostprocessing = 0;
		};
/* End PBXResourcesBuildPhase section */

/* Begin PBXSourcesBuildPhase section */
		42D7316727A83E0A002FDF95 /* Sources */ = {
			isa = PBXSourcesBuildPhase;
			buildActionMask = 2147483647;
			files = (
				8A8C53F427DA873400692177 /* ListingModel.swift in Sources */,
				8A744D7127DCD62100A3F0CB /* ListingCollectionViewCell.swift in Sources */,
				8A423B3227BC189900A47C4F /* ColorView.swift in Sources */,
				8A84D0A827DA6C0400E9E71F /* UIView+AutoLayout.swift in Sources */,
				8A423B3527BC18A000A47C4F /* SizesView.swift in Sources */,
				42D7317327A83E0A002FDF95 /* ProductDetailViewController.swift in Sources */,
				A99F3AB827BC269C00614C8B /* ProductDetailViewModel.swift in Sources */,
				42D7316F27A83E0A002FDF95 /* AppDelegate.swift in Sources */,
				8A8C53F627DACBB500692177 /* ListingViewModel.swift in Sources */,
				A99F3ABA27BC27FA00614C8B /* ProductDetailService.swift in Sources */,
				8A8C53FA27DACEB100692177 /* ListingService.swift in Sources */,
				42D7317127A83E0A002FDF95 /* SceneDelegate.swift in Sources */,
				8A423B3327BC189B00A47C4F /* ColorsView.swift in Sources */,
				8A423B3127BC189600A47C4F /* Protocol.swift in Sources */,
				8AF520AA27EDF87D009A88DF /* HeaderListingCollectionViewCell.swift in Sources */,
				8A423B3427BC189E00A47C4F /* SizeView.swift in Sources */,
				A99F3AB627BC25FA00614C8B /* ProductModel.swift in Sources */,
				8AFEFF2C27E2026900722826 /* ListingProductViewController.swift in Sources */,
			);
			runOnlyForDeploymentPostprocessing = 0;
		};
/* End PBXSourcesBuildPhase section */

/* Begin PBXVariantGroup section */
		42D7317927A83E11002FDF95 /* LaunchScreen.storyboard */ = {
			isa = PBXVariantGroup;
			children = (
				42D7317A27A83E11002FDF95 /* Base */,
			);
			name = LaunchScreen.storyboard;
			sourceTree = "<group>";
		};
/* End PBXVariantGroup section */

/* Begin XCBuildConfiguration section */
		42D7317D27A83E11002FDF95 /* Debug */ = {
			isa = XCBuildConfiguration;
			buildSettings = {
				ALWAYS_SEARCH_USER_PATHS = NO;
				CLANG_ANALYZER_NONNULL = YES;
				CLANG_ANALYZER_NUMBER_OBJECT_CONVERSION = YES_AGGRESSIVE;
				CLANG_CXX_LANGUAGE_STANDARD = "gnu++17";
				CLANG_CXX_LIBRARY = "libc++";
				CLANG_ENABLE_MODULES = YES;
				CLANG_ENABLE_OBJC_ARC = YES;
				CLANG_ENABLE_OBJC_WEAK = YES;
				CLANG_WARN_BLOCK_CAPTURE_AUTORELEASING = YES;
				CLANG_WARN_BOOL_CONVERSION = YES;
				CLANG_WARN_COMMA = YES;
				CLANG_WARN_CONSTANT_CONVERSION = YES;
				CLANG_WARN_DEPRECATED_OBJC_IMPLEMENTATIONS = YES;
				CLANG_WARN_DIRECT_OBJC_ISA_USAGE = YES_ERROR;
				CLANG_WARN_DOCUMENTATION_COMMENTS = YES;
				CLANG_WARN_EMPTY_BODY = YES;
				CLANG_WARN_ENUM_CONVERSION = YES;
				CLANG_WARN_INFINITE_RECURSION = YES;
				CLANG_WARN_INT_CONVERSION = YES;
				CLANG_WARN_NON_LITERAL_NULL_CONVERSION = YES;
				CLANG_WARN_OBJC_IMPLICIT_RETAIN_SELF = YES;
				CLANG_WARN_OBJC_LITERAL_CONVERSION = YES;
				CLANG_WARN_OBJC_ROOT_CLASS = YES_ERROR;
				CLANG_WARN_QUOTED_INCLUDE_IN_FRAMEWORK_HEADER = YES;
				CLANG_WARN_RANGE_LOOP_ANALYSIS = YES;
				CLANG_WARN_STRICT_PROTOTYPES = YES;
				CLANG_WARN_SUSPICIOUS_MOVE = YES;
				CLANG_WARN_UNGUARDED_AVAILABILITY = YES_AGGRESSIVE;
				CLANG_WARN_UNREACHABLE_CODE = YES;
				CLANG_WARN__DUPLICATE_METHOD_MATCH = YES;
				COPY_PHASE_STRIP = NO;
				DEBUG_INFORMATION_FORMAT = dwarf;
				ENABLE_STRICT_OBJC_MSGSEND = YES;
				ENABLE_TESTABILITY = YES;
				GCC_C_LANGUAGE_STANDARD = gnu11;
				GCC_DYNAMIC_NO_PIC = NO;
				GCC_NO_COMMON_BLOCKS = YES;
				GCC_OPTIMIZATION_LEVEL = 0;
				GCC_PREPROCESSOR_DEFINITIONS = (
					"DEBUG=1",
					"$(inherited)",
				);
				GCC_WARN_64_TO_32_BIT_CONVERSION = YES;
				GCC_WARN_ABOUT_RETURN_TYPE = YES_ERROR;
				GCC_WARN_UNDECLARED_SELECTOR = YES;
				GCC_WARN_UNINITIALIZED_AUTOS = YES_AGGRESSIVE;
				GCC_WARN_UNUSED_FUNCTION = YES;
				GCC_WARN_UNUSED_VARIABLE = YES;
				IPHONEOS_DEPLOYMENT_TARGET = 15.2;
				MTL_ENABLE_DEBUG_INFO = INCLUDE_SOURCE;
				MTL_FAST_MATH = YES;
				ONLY_ACTIVE_ARCH = YES;
				SDKROOT = iphoneos;
				SWIFT_ACTIVE_COMPILATION_CONDITIONS = DEBUG;
				SWIFT_OPTIMIZATION_LEVEL = "-Onone";
			};
			name = Debug;
		};
		42D7317E27A83E11002FDF95 /* Release */ = {
			isa = XCBuildConfiguration;
			buildSettings = {
				ALWAYS_SEARCH_USER_PATHS = NO;
				CLANG_ANALYZER_NONNULL = YES;
				CLANG_ANALYZER_NUMBER_OBJECT_CONVERSION = YES_AGGRESSIVE;
				CLANG_CXX_LANGUAGE_STANDARD = "gnu++17";
				CLANG_CXX_LIBRARY = "libc++";
				CLANG_ENABLE_MODULES = YES;
				CLANG_ENABLE_OBJC_ARC = YES;
				CLANG_ENABLE_OBJC_WEAK = YES;
				CLANG_WARN_BLOCK_CAPTURE_AUTORELEASING = YES;
				CLANG_WARN_BOOL_CONVERSION = YES;
				CLANG_WARN_COMMA = YES;
				CLANG_WARN_CONSTANT_CONVERSION = YES;
				CLANG_WARN_DEPRECATED_OBJC_IMPLEMENTATIONS = YES;
				CLANG_WARN_DIRECT_OBJC_ISA_USAGE = YES_ERROR;
				CLANG_WARN_DOCUMENTATION_COMMENTS = YES;
				CLANG_WARN_EMPTY_BODY = YES;
				CLANG_WARN_ENUM_CONVERSION = YES;
				CLANG_WARN_INFINITE_RECURSION = YES;
				CLANG_WARN_INT_CONVERSION = YES;
				CLANG_WARN_NON_LITERAL_NULL_CONVERSION = YES;
				CLANG_WARN_OBJC_IMPLICIT_RETAIN_SELF = YES;
				CLANG_WARN_OBJC_LITERAL_CONVERSION = YES;
				CLANG_WARN_OBJC_ROOT_CLASS = YES_ERROR;
				CLANG_WARN_QUOTED_INCLUDE_IN_FRAMEWORK_HEADER = YES;
				CLANG_WARN_RANGE_LOOP_ANALYSIS = YES;
				CLANG_WARN_STRICT_PROTOTYPES = YES;
				CLANG_WARN_SUSPICIOUS_MOVE = YES;
				CLANG_WARN_UNGUARDED_AVAILABILITY = YES_AGGRESSIVE;
				CLANG_WARN_UNREACHABLE_CODE = YES;
				CLANG_WARN__DUPLICATE_METHOD_MATCH = YES;
				COPY_PHASE_STRIP = NO;
				DEBUG_INFORMATION_FORMAT = "dwarf-with-dsym";
				ENABLE_NS_ASSERTIONS = NO;
				ENABLE_STRICT_OBJC_MSGSEND = YES;
				GCC_C_LANGUAGE_STANDARD = gnu11;
				GCC_NO_COMMON_BLOCKS = YES;
				GCC_WARN_64_TO_32_BIT_CONVERSION = YES;
				GCC_WARN_ABOUT_RETURN_TYPE = YES_ERROR;
				GCC_WARN_UNDECLARED_SELECTOR = YES;
				GCC_WARN_UNINITIALIZED_AUTOS = YES_AGGRESSIVE;
				GCC_WARN_UNUSED_FUNCTION = YES;
				GCC_WARN_UNUSED_VARIABLE = YES;
				IPHONEOS_DEPLOYMENT_TARGET = 15.2;
				MTL_ENABLE_DEBUG_INFO = NO;
				MTL_FAST_MATH = YES;
				SDKROOT = iphoneos;
				SWIFT_COMPILATION_MODE = wholemodule;
				SWIFT_OPTIMIZATION_LEVEL = "-O";
				VALIDATE_PRODUCT = YES;
			};
			name = Release;
		};
		42D7318027A83E11002FDF95 /* Debug */ = {
			isa = XCBuildConfiguration;
			buildSettings = {
				ASSETCATALOG_COMPILER_APPICON_NAME = AppIcon;
				ASSETCATALOG_COMPILER_GLOBAL_ACCENT_COLOR_NAME = AccentColor;
				CODE_SIGN_STYLE = Automatic;
				CURRENT_PROJECT_VERSION = 1;
				DEVELOPMENT_TEAM = Y52AGMA8UF;
				GENERATE_INFOPLIST_FILE = YES;
				INFOPLIST_FILE = ProductStore/Info.plist;
				INFOPLIST_KEY_UIApplicationSupportsIndirectInputEvents = YES;
				INFOPLIST_KEY_UILaunchStoryboardName = LaunchScreen;
				INFOPLIST_KEY_UISupportedInterfaceOrientations_iPad = "UIInterfaceOrientationPortrait UIInterfaceOrientationPortraitUpsideDown UIInterfaceOrientationLandscapeLeft UIInterfaceOrientationLandscapeRight";
				INFOPLIST_KEY_UISupportedInterfaceOrientations_iPhone = "UIInterfaceOrientationPortrait UIInterfaceOrientationLandscapeLeft UIInterfaceOrientationLandscapeRight";
				IPHONEOS_DEPLOYMENT_TARGET = 13.5;
				LD_RUNPATH_SEARCH_PATHS = (
					"$(inherited)",
					"@executable_path/Frameworks",
				);
				MARKETING_VERSION = 1.0;
				PRODUCT_BUNDLE_IDENTIFIER = com.luan.ProductStore;
				PRODUCT_NAME = "$(TARGET_NAME)";
				SWIFT_EMIT_LOC_STRINGS = YES;
				SWIFT_VERSION = 5.0;
				TARGETED_DEVICE_FAMILY = "1,2";
			};
			name = Debug;
		};
		42D7318127A83E11002FDF95 /* Release */ = {
			isa = XCBuildConfiguration;
			buildSettings = {
				ASSETCATALOG_COMPILER_APPICON_NAME = AppIcon;
				ASSETCATALOG_COMPILER_GLOBAL_ACCENT_COLOR_NAME = AccentColor;
				CODE_SIGN_STYLE = Automatic;
				CURRENT_PROJECT_VERSION = 1;
				DEVELOPMENT_TEAM = Y52AGMA8UF;
				GENERATE_INFOPLIST_FILE = YES;
				INFOPLIST_FILE = ProductStore/Info.plist;
				INFOPLIST_KEY_UIApplicationSupportsIndirectInputEvents = YES;
				INFOPLIST_KEY_UILaunchStoryboardName = LaunchScreen;
				INFOPLIST_KEY_UISupportedInterfaceOrientations_iPad = "UIInterfaceOrientationPortrait UIInterfaceOrientationPortraitUpsideDown UIInterfaceOrientationLandscapeLeft UIInterfaceOrientationLandscapeRight";
				INFOPLIST_KEY_UISupportedInterfaceOrientations_iPhone = "UIInterfaceOrientationPortrait UIInterfaceOrientationLandscapeLeft UIInterfaceOrientationLandscapeRight";
				IPHONEOS_DEPLOYMENT_TARGET = 13.5;
				LD_RUNPATH_SEARCH_PATHS = (
					"$(inherited)",
					"@executable_path/Frameworks",
				);
				MARKETING_VERSION = 1.0;
				PRODUCT_BUNDLE_IDENTIFIER = com.luan.ProductStore;
				PRODUCT_NAME = "$(TARGET_NAME)";
				SWIFT_EMIT_LOC_STRINGS = YES;
				SWIFT_VERSION = 5.0;
				TARGETED_DEVICE_FAMILY = "1,2";
			};
			name = Release;
		};
/* End XCBuildConfiguration section */

/* Begin XCConfigurationList section */
		42D7316627A83E0A002FDF95 /* Build configuration list for PBXProject "ProductStore" */ = {
			isa = XCConfigurationList;
			buildConfigurations = (
				42D7317D27A83E11002FDF95 /* Debug */,
				42D7317E27A83E11002FDF95 /* Release */,
			);
			defaultConfigurationIsVisible = 0;
			defaultConfigurationName = Release;
		};
		42D7317F27A83E11002FDF95 /* Build configuration list for PBXNativeTarget "ProductStore" */ = {
			isa = XCConfigurationList;
			buildConfigurations = (
				42D7318027A83E11002FDF95 /* Debug */,
				42D7318127A83E11002FDF95 /* Release */,
			);
			defaultConfigurationIsVisible = 0;
			defaultConfigurationName = Release;
		};
/* End XCConfigurationList section */
	};
	rootObject = 42D7316327A83E0A002FDF95 /* Project object */;
}
